
Microsoft Visual Studio Solution File, Format Version 12.00
# Visual Studio Version 16
VisualStudioVersion = 16.0.32510.428
MinimumVisualStudioVersion = 10.0.40219.1
Project("{FAE04EC0-301F-11D3-BF4B-00C04F79EFBC}") = "MatchingGame", "MatchingGame\MatchingGame.csproj", "{A40C7AD7-55EB-4C66-9C77-0A61504B3EAF}"
EndProject
Global
	GlobalSection(SolutionConfigurationPlatforms) = preSolution
		Debug|Any CPU = Debug|Any CPU
		Release|Any CPU = Release|Any CPU
	EndGlobalSection
	GlobalSection(ProjectConfigurationPlatforms) = postSolution
		{A40C7AD7-55EB-4C66-9C77-0A61504B3EAF}.Debug|Any CPU.ActiveCfg = Debug|Any CPU
		{A40C7AD7-55EB-4C66-9C77-0A61504B3EAF}.Debug|Any CPU.Build.0 = Debug|Any CPU
		{A40C7AD7-55EB-4C66-9C77-0A61504B3EAF}.Release|Any CPU.ActiveCfg = Release|Any CPU
		{A40C7AD7-55EB-4C66-9C77-0A61504B3EAF}.Release|Any CPU.Build.0 = Release|Any CPU
	EndGlobalSection
	GlobalSection(SolutionProperties) = preSolution
		HideSolutionNode = FALSE
	EndGlobalSection
	GlobalSection(ExtensibilityGlobals) = postSolution
		SolutionGuid = {A93EE1DC-2678-4831-B42C-CF8AD2D7B218}
	EndGlobalSection
EndGlobal
